// !$*UTF8*$!
{
	archiveVersion = 1;
	classes = {
	};
	objectVersion = 46;
	objects = {

/* Begin PBXBuildFile section */
		5B01B0C914C026C10032A301 /* SeriesPlot.m in Sources */ = {isa = PBXBuildFile; fileRef = 5B01B0C814C026C00032A301 /* SeriesPlot.m */; };
		5B01B0D514C130150032A301 /* DataController.m in Sources */ = {isa = PBXBuildFile; fileRef = 5B01B0D414C130150032A301 /* DataController.m */; };
		5B147E74160AB59B0016C04A /* RulesSystem.m in Sources */ = {isa = PBXBuildFile; fileRef = 5B147E73160AB59B0016C04A /* RulesSystem.m */; };
		5B1F09CA178F0D3D00BC4C7F /* HistogramPlot.m in Sources */ = {isa = PBXBuildFile; fileRef = 5B1F09C9178F0D3D00BC4C7F /* HistogramPlot.m */; };
		5B20C1471843E376005B120C /* CorePlot.framework in CopyFiles */ = {isa = PBXBuildFile; fileRef = 5B20C1461843E376005B120C /* CorePlot.framework */; };
		5B20C1481843E3C4005B120C /* CorePlot.framework in Frameworks */ = {isa = PBXBuildFile; fileRef = 5B20C1461843E376005B120C /* CorePlot.framework */; };
		5B22D0C01729C7AF00A55E32 /* SeriesPlotDataWrapper.m in Sources */ = {isa = PBXBuildFile; fileRef = 5B22D0BF1729C7AE00A55E32 /* SeriesPlotDataWrapper.m */; };
		5B2EDCC014CD979600EC26B8 /* OCR2.icns in Resources */ = {isa = PBXBuildFile; fileRef = 5B2EDCBF14CD979600EC26B8 /* OCR2.icns */; };
		5B7B774A15DDFC9C003911FB /* PositioningSystem.m in Sources */ = {isa = PBXBuildFile; fileRef = 5B7B774915DDFC9C003911FB /* PositioningSystem.m */; };
		5B85EFD615EC557C004B5381 /* SignalSystem.m in Sources */ = {isa = PBXBuildFile; fileRef = 5B85EFD515EC557C004B5381 /* SignalSystem.m */; };
		5B88332314BAC44000352C83 /* QuartzCore.framework in Frameworks */ = {isa = PBXBuildFile; fileRef = 5B88332214BAC44000352C83 /* QuartzCore.framework */; };
		5B8C03DD149ECEC60071189F /* Cocoa.framework in Frameworks */ = {isa = PBXBuildFile; fileRef = 5B8C03DC149ECEC60071189F /* Cocoa.framework */; };
		5B8C03E7149ECEC70071189F /* InfoPlist.strings in Resources */ = {isa = PBXBuildFile; fileRef = 5B8C03E5149ECEC70071189F /* InfoPlist.strings */; };
		5B8C03E9149ECEC70071189F /* main.m in Sources */ = {isa = PBXBuildFile; fileRef = 5B8C03E8149ECEC70071189F /* main.m */; };
		5B8C03ED149ECEC70071189F /* Credits.rtf in Resources */ = {isa = PBXBuildFile; fileRef = 5B8C03EB149ECEC70071189F /* Credits.rtf */; };
		5B8C03F0149ECEC70071189F /* AppDelegate.m in Sources */ = {isa = PBXBuildFile; fileRef = 5B8C03EF149ECEC70071189F /* AppDelegate.m */; };
		5B8C03F3149ECEC70071189F /* MainMenu.xib in Resources */ = {isa = PBXBuildFile; fileRef = 5B8C03F1149ECEC70071189F /* MainMenu.xib */; };
		5B8C03FE149ED0870071189F /* AppController.m in Sources */ = {isa = PBXBuildFile; fileRef = 5B8C03FD149ED0870071189F /* AppController.m */; };
		5B9049F314B2DA3D008A20AA /* libsqlite3.dylib in Frameworks */ = {isa = PBXBuildFile; fileRef = 5B9049F214B2DA3D008A20AA /* libsqlite3.dylib */; };
		5B9049FD14B6CD9A008A20AA /* EpochTime.m in Sources */ = {isa = PBXBuildFile; fileRef = 5B9049FC14B6CD9A008A20AA /* EpochTime.m */; };
		5B904A0414B7368E008A20AA /* DataSeries.m in Sources */ = {isa = PBXBuildFile; fileRef = 5B904A0314B7368E008A20AA /* DataSeries.m */; };
		5B9382D51521C092003F8FE5 /* redgreen14b.jpg in Resources */ = {isa = PBXBuildFile; fileRef = 5B9382D41521C092003F8FE5 /* redgreen14b.jpg */; };
		5BA3C23516193C7C00FCCC24 /* BasicParameters.m in Sources */ = {isa = PBXBuildFile; fileRef = 5BA3C23416193C7C00FCCC24 /* BasicParameters.m */; };
		5BB70FF21843EFDF00B6B729 /* FMDatabase.m in Sources */ = {isa = PBXBuildFile; fileRef = 5BB70FF11843EFDF00B6B729 /* FMDatabase.m */; };
		5BB70FF51843EFED00B6B729 /* FMDatabaseAdditions.m in Sources */ = {isa = PBXBuildFile; fileRef = 5BB70FF41843EFEC00B6B729 /* FMDatabaseAdditions.m */; };
		5BB70FF81843EFF900B6B729 /* FMResultSet.m in Sources */ = {isa = PBXBuildFile; fileRef = 5BB70FF71843EFF900B6B729 /* FMResultSet.m */; };
		5BB70FFB1843F02200B6B729 /* FMDatabasePool.m in Sources */ = {isa = PBXBuildFile; fileRef = 5BB70FFA1843F02200B6B729 /* FMDatabasePool.m */; };
		5BB9A35A14EF5B71001372D1 /* DataSeriesValue.m in Sources */ = {isa = PBXBuildFile; fileRef = 5BB9A35914EF5B71001372D1 /* DataSeriesValue.m */; };
		5BC43F5C151463C20020300A /* UtilityFunctions.m in Sources */ = {isa = PBXBuildFile; fileRef = 5BC43F5B151463C20020300A /* UtilityFunctions.m */; };
		5BC4C15A14E3811E0024F1BD /* SimulationController.m in Sources */ = {isa = PBXBuildFile; fileRef = 5BC4C15914E3811E0024F1BD /* SimulationController.m */; };
		5BC4C15F14E3826B0024F1BD /* Simulation.m in Sources */ = {isa = PBXBuildFile; fileRef = 5BC4C15E14E3826B0024F1BD /* Simulation.m */; };
		5BC52992158D9A0F00FDFAF0 /* CashFlowRecord.m in Sources */ = {isa = PBXBuildFile; fileRef = 5BC52991158D9A0F00FDFAF0 /* CashFlowRecord.m */; };
		5BC52995158D9B0700FDFAF0 /* TransactionRecord.m in Sources */ = {isa = PBXBuildFile; fileRef = 5BC52994158D9B0700FDFAF0 /* TransactionRecord.m */; };
		5BC52998158D9ECB00FDFAF0 /* PositionRecord.m in Sources */ = {isa = PBXBuildFile; fileRef = 5BC52997158D9ECB00FDFAF0 /* PositionRecord.m */; };
		5BDA503C14D225EA009842D5 /* DataView.m in Sources */ = {isa = PBXBuildFile; fileRef = 5BDA503B14D225E9009842D5 /* DataView.m */; };
		5BE265BF1519EE6D003CAA60 /* TitlePaneViewController.m in Sources */ = {isa = PBXBuildFile; fileRef = 5BE265BD1519EE6D003CAA60 /* TitlePaneViewController.m */; };
		5BE265C01519EE6D003CAA60 /* TitlePane.xib in Resources */ = {isa = PBXBuildFile; fileRef = 5BE265BE1519EE6D003CAA60 /* TitlePane.xib */; };
		5BE5093D158EB5BA00AB4026 /* SignalRecord.m in Sources */ = {isa = PBXBuildFile; fileRef = 5BE5093C158EB5BA00AB4026 /* SignalRecord.m */; };
		5BEC77F11517694B0084D778 /* SimulationViewController.m in Sources */ = {isa = PBXBuildFile; fileRef = 5BEC77EF1517694B0084D778 /* SimulationViewController.m */; };
		5BEC77F21517694B0084D778 /* SimulationView.xib in Resources */ = {isa = PBXBuildFile; fileRef = 5BEC77F01517694B0084D778 /* SimulationView.xib */; };
		5BECD1F71548F21800819CBE /* DataProcessor.m in Sources */ = {isa = PBXBuildFile; fileRef = 5BECD1F61548F21800819CBE /* DataProcessor.m */; };
		5BFF896114D81F7B00F68453 /* TimeSeriesLine.m in Sources */ = {isa = PBXBuildFile; fileRef = 5BFF896014D81F7B00F68453 /* TimeSeriesLine.m */; };
/* End PBXBuildFile section */

/* Begin PBXContainerItemProxy section */
		5B20C1401843E2AC005B120C /* PBXContainerItemProxy */ = {
			isa = PBXContainerItemProxy;
			containerPortal = 5B20C13A1843E2A9005B120C /* CorePlot.xcodeproj */;
			proxyType = 2;
			remoteGlobalIDString = 8DC2EF5B0486A6940098B216;
			remoteInfo = CorePlot;
		};
		5B20C1421843E2AC005B120C /* PBXContainerItemProxy */ = {
			isa = PBXContainerItemProxy;
			containerPortal = 5B20C13A1843E2A9005B120C /* CorePlot.xcodeproj */;
			proxyType = 2;
			remoteGlobalIDString = 0730F600109492D800E95162;
			remoteInfo = UnitTests;
		};
/* End PBXContainerItemProxy section */

/* Begin PBXCopyFilesBuildPhase section */
		5B88333314BAD6C700352C83 /* CopyFiles */ = {
			isa = PBXCopyFilesBuildPhase;
			buildActionMask = 2147483647;
			dstPath = "";
			dstSubfolderSpec = 10;
			files = (
				5B20C1471843E376005B120C /* CorePlot.framework in CopyFiles */,
			);
			runOnlyForDeploymentPostprocessing = 0;
		};
/* End PBXCopyFilesBuildPhase section */

/* Begin PBXFileReference section */
		5B01B0C714C026C00032A301 /* SeriesPlot.h */ = {isa = PBXFileReference; fileEncoding = 4; lastKnownFileType = sourcecode.c.h; path = SeriesPlot.h; sourceTree = "<group>"; };
		5B01B0C814C026C00032A301 /* SeriesPlot.m */ = {isa = PBXFileReference; fileEncoding = 4; lastKnownFileType = sourcecode.c.objc; path = SeriesPlot.m; sourceTree = "<group>"; };
		5B01B0D314C130150032A301 /* DataController.h */ = {isa = PBXFileReference; fileEncoding = 4; lastKnownFileType = sourcecode.c.h; path = DataController.h; sourceTree = "<group>"; };
		5B01B0D414C130150032A301 /* DataController.m */ = {isa = PBXFileReference; fileEncoding = 4; lastKnownFileType = sourcecode.c.objc; path = DataController.m; sourceTree = "<group>"; };
		5B147E72160AB59B0016C04A /* RulesSystem.h */ = {isa = PBXFileReference; fileEncoding = 4; lastKnownFileType = sourcecode.c.h; path = RulesSystem.h; sourceTree = "<group>"; };
		5B147E73160AB59B0016C04A /* RulesSystem.m */ = {isa = PBXFileReference; fileEncoding = 4; lastKnownFileType = sourcecode.c.objc; path = RulesSystem.m; sourceTree = "<group>"; };
		5B1F09C8178F0D3D00BC4C7F /* HistogramPlot.h */ = {isa = PBXFileReference; fileEncoding = 4; lastKnownFileType = sourcecode.c.h; path = HistogramPlot.h; sourceTree = "<group>"; };
		5B1F09C9178F0D3D00BC4C7F /* HistogramPlot.m */ = {isa = PBXFileReference; fileEncoding = 4; lastKnownFileType = sourcecode.c.objc; path = HistogramPlot.m; sourceTree = "<group>"; };
		5B20C13A1843E2A9005B120C /* CorePlot.xcodeproj */ = {isa = PBXFileReference; lastKnownFileType = "wrapper.pb-project"; name = CorePlot.xcodeproj; path = ../CorePlot_1.4/Source/framework/CorePlot.xcodeproj; sourceTree = "<group>"; };
		5B20C1461843E376005B120C /* CorePlot.framework */ = {isa = PBXFileReference; lastKnownFileType = wrapper.framework; name = CorePlot.framework; path = ../CorePlot_1.4/Binaries/MacOS/CorePlot.framework; sourceTree = "<group>"; };
		5B22D0BE1729C7AE00A55E32 /* SeriesPlotDataWrapper.h */ = {isa = PBXFileReference; fileEncoding = 4; lastKnownFileType = sourcecode.c.h; path = SeriesPlotDataWrapper.h; sourceTree = "<group>"; };
		5B22D0BF1729C7AE00A55E32 /* SeriesPlotDataWrapper.m */ = {isa = PBXFileReference; fileEncoding = 4; lastKnownFileType = sourcecode.c.objc; path = SeriesPlotDataWrapper.m; sourceTree = "<group>"; };
		5B2EDCBF14CD979600EC26B8 /* OCR2.icns */ = {isa = PBXFileReference; lastKnownFileType = image.icns; name = OCR2.icns; path = ../OCR2.icns; sourceTree = "<group>"; };
		5B7B774815DDFC9C003911FB /* PositioningSystem.h */ = {isa = PBXFileReference; fileEncoding = 4; lastKnownFileType = sourcecode.c.h; path = PositioningSystem.h; sourceTree = "<group>"; };
		5B7B774915DDFC9C003911FB /* PositioningSystem.m */ = {isa = PBXFileReference; fileEncoding = 4; lastKnownFileType = sourcecode.c.objc; path = PositioningSystem.m; sourceTree = "<group>"; };
		5B85EFD415EC557C004B5381 /* SignalSystem.h */ = {isa = PBXFileReference; fileEncoding = 4; lastKnownFileType = sourcecode.c.h; path = SignalSystem.h; sourceTree = "<group>"; };
		5B85EFD515EC557C004B5381 /* SignalSystem.m */ = {isa = PBXFileReference; fileEncoding = 4; lastKnownFileType = sourcecode.c.objc; path = SignalSystem.m; sourceTree = "<group>"; };
		5B88332214BAC44000352C83 /* QuartzCore.framework */ = {isa = PBXFileReference; lastKnownFileType = wrapper.framework; name = QuartzCore.framework; path = System/Library/Frameworks/QuartzCore.framework; sourceTree = SDKROOT; };
		5B8C03D8149ECEC60071189F /* Simple Sim.app */ = {isa = PBXFileReference; explicitFileType = wrapper.application; includeInIndex = 0; path = "Simple Sim.app"; sourceTree = BUILT_PRODUCTS_DIR; };
		5B8C03DC149ECEC60071189F /* Cocoa.framework */ = {isa = PBXFileReference; lastKnownFileType = wrapper.framework; name = Cocoa.framework; path = System/Library/Frameworks/Cocoa.framework; sourceTree = SDKROOT; };
		5B8C03DF149ECEC70071189F /* AppKit.framework */ = {isa = PBXFileReference; lastKnownFileType = wrapper.framework; name = AppKit.framework; path = System/Library/Frameworks/AppKit.framework; sourceTree = SDKROOT; };
		5B8C03E1149ECEC70071189F /* Foundation.framework */ = {isa = PBXFileReference; lastKnownFileType = wrapper.framework; name = Foundation.framework; path = System/Library/Frameworks/Foundation.framework; sourceTree = SDKROOT; };
		5B8C03E4149ECEC70071189F /* Simple Sim-Info.plist */ = {isa = PBXFileReference; lastKnownFileType = text.plist.xml; path = "Simple Sim-Info.plist"; sourceTree = "<group>"; };
		5B8C03E6149ECEC70071189F /* en */ = {isa = PBXFileReference; lastKnownFileType = text.plist.strings; name = en; path = en.lproj/InfoPlist.strings; sourceTree = "<group>"; };
		5B8C03E8149ECEC70071189F /* main.m */ = {isa = PBXFileReference; lastKnownFileType = sourcecode.c.objc; path = main.m; sourceTree = "<group>"; };
		5B8C03EA149ECEC70071189F /* Simple Sim-Prefix.pch */ = {isa = PBXFileReference; lastKnownFileType = sourcecode.c.h; path = "Simple Sim-Prefix.pch"; sourceTree = "<group>"; };
		5B8C03EC149ECEC70071189F /* en */ = {isa = PBXFileReference; lastKnownFileType = text.rtf; name = en; path = en.lproj/Credits.rtf; sourceTree = "<group>"; };
		5B8C03EE149ECEC70071189F /* AppDelegate.h */ = {isa = PBXFileReference; lastKnownFileType = sourcecode.c.h; path = AppDelegate.h; sourceTree = "<group>"; };
		5B8C03EF149ECEC70071189F /* AppDelegate.m */ = {isa = PBXFileReference; lastKnownFileType = sourcecode.c.objc; path = AppDelegate.m; sourceTree = "<group>"; };
		5B8C03F2149ECEC70071189F /* en */ = {isa = PBXFileReference; lastKnownFileType = file.xib; name = en; path = en.lproj/MainMenu.xib; sourceTree = "<group>"; };
		5B8C03FC149ED0870071189F /* AppController.h */ = {isa = PBXFileReference; fileEncoding = 4; lastKnownFileType = sourcecode.c.h; path = AppController.h; sourceTree = "<group>"; };
		5B8C03FD149ED0870071189F /* AppController.m */ = {isa = PBXFileReference; fileEncoding = 4; lastKnownFileType = sourcecode.c.objc; path = AppController.m; sourceTree = "<group>"; };
		5B9049F214B2DA3D008A20AA /* libsqlite3.dylib */ = {isa = PBXFileReference; lastKnownFileType = "compiled.mach-o.dylib"; name = libsqlite3.dylib; path = usr/lib/libsqlite3.dylib; sourceTree = SDKROOT; };
		5B9049FB14B6CD99008A20AA /* EpochTime.h */ = {isa = PBXFileReference; fileEncoding = 4; lastKnownFileType = sourcecode.c.h; path = EpochTime.h; sourceTree = "<group>"; };
		5B9049FC14B6CD9A008A20AA /* EpochTime.m */ = {isa = PBXFileReference; fileEncoding = 4; lastKnownFileType = sourcecode.c.objc; path = EpochTime.m; sourceTree = "<group>"; };
		5B904A0214B7368D008A20AA /* DataSeries.h */ = {isa = PBXFileReference; fileEncoding = 4; lastKnownFileType = sourcecode.c.h; path = DataSeries.h; sourceTree = "<group>"; };
		5B904A0314B7368E008A20AA /* DataSeries.m */ = {isa = PBXFileReference; fileEncoding = 4; lastKnownFileType = sourcecode.c.objc; path = DataSeries.m; sourceTree = "<group>"; };
		5B9382D41521C092003F8FE5 /* redgreen14b.jpg */ = {isa = PBXFileReference; lastKnownFileType = image.jpeg; path = redgreen14b.jpg; sourceTree = "<group>"; };
		5BA3C23316193C7C00FCCC24 /* BasicParameters.h */ = {isa = PBXFileReference; fileEncoding = 4; lastKnownFileType = sourcecode.c.h; path = BasicParameters.h; sourceTree = "<group>"; };
		5BA3C23416193C7C00FCCC24 /* BasicParameters.m */ = {isa = PBXFileReference; fileEncoding = 4; lastKnownFileType = sourcecode.c.objc; path = BasicParameters.m; sourceTree = "<group>"; };
		5BB70FF01843EFDF00B6B729 /* FMDatabase.h */ = {isa = PBXFileReference; fileEncoding = 4; lastKnownFileType = sourcecode.c.h; path = FMDatabase.h; sourceTree = "<group>"; };
		5BB70FF11843EFDF00B6B729 /* FMDatabase.m */ = {isa = PBXFileReference; fileEncoding = 4; lastKnownFileType = sourcecode.c.objc; path = FMDatabase.m; sourceTree = "<group>"; };
		5BB70FF31843EFEC00B6B729 /* FMDatabaseAdditions.h */ = {isa = PBXFileReference; fileEncoding = 4; lastKnownFileType = sourcecode.c.h; path = FMDatabaseAdditions.h; sourceTree = "<group>"; };
		5BB70FF41843EFEC00B6B729 /* FMDatabaseAdditions.m */ = {isa = PBXFileReference; fileEncoding = 4; lastKnownFileType = sourcecode.c.objc; path = FMDatabaseAdditions.m; sourceTree = "<group>"; };
		5BB70FF61843EFF900B6B729 /* FMResultSet.h */ = {isa = PBXFileReference; fileEncoding = 4; lastKnownFileType = sourcecode.c.h; path = FMResultSet.h; sourceTree = "<group>"; };
		5BB70FF71843EFF900B6B729 /* FMResultSet.m */ = {isa = PBXFileReference; fileEncoding = 4; lastKnownFileType = sourcecode.c.objc; path = FMResultSet.m; sourceTree = "<group>"; };
		5BB70FF91843F02200B6B729 /* FMDatabasePool.h */ = {isa = PBXFileReference; fileEncoding = 4; lastKnownFileType = sourcecode.c.h; path = FMDatabasePool.h; sourceTree = "<group>"; };
		5BB70FFA1843F02200B6B729 /* FMDatabasePool.m */ = {isa = PBXFileReference; fileEncoding = 4; lastKnownFileType = sourcecode.c.objc; path = FMDatabasePool.m; sourceTree = "<group>"; };
		5BB9A35814EF5B71001372D1 /* DataSeriesValue.h */ = {isa = PBXFileReference; fileEncoding = 4; lastKnownFileType = sourcecode.c.h; path = DataSeriesValue.h; sourceTree = "<group>"; };
		5BB9A35914EF5B71001372D1 /* DataSeriesValue.m */ = {isa = PBXFileReference; fileEncoding = 4; lastKnownFileType = sourcecode.c.objc; path = DataSeriesValue.m; sourceTree = "<group>"; };
		5BC43F5A151463C20020300A /* UtilityFunctions.h */ = {isa = PBXFileReference; fileEncoding = 4; lastKnownFileType = sourcecode.c.h; path = UtilityFunctions.h; sourceTree = "<group>"; };
		5BC43F5B151463C20020300A /* UtilityFunctions.m */ = {isa = PBXFileReference; fileEncoding = 4; lastKnownFileType = sourcecode.c.objc; path = UtilityFunctions.m; sourceTree = "<group>"; };
		5BC4C15814E3811E0024F1BD /* SimulationController.h */ = {isa = PBXFileReference; fileEncoding = 4; lastKnownFileType = sourcecode.c.h; path = SimulationController.h; sourceTree = "<group>"; };
		5BC4C15914E3811E0024F1BD /* SimulationController.m */ = {isa = PBXFileReference; fileEncoding = 4; lastKnownFileType = sourcecode.c.objc; path = SimulationController.m; sourceTree = "<group>"; };
		5BC4C15D14E3826B0024F1BD /* Simulation.h */ = {isa = PBXFileReference; fileEncoding = 4; lastKnownFileType = sourcecode.c.h; path = Simulation.h; sourceTree = "<group>"; };
		5BC4C15E14E3826B0024F1BD /* Simulation.m */ = {isa = PBXFileReference; fileEncoding = 4; lastKnownFileType = sourcecode.c.objc; path = Simulation.m; sourceTree = "<group>"; };
		5BC52990158D9A0F00FDFAF0 /* CashFlowRecord.h */ = {isa = PBXFileReference; fileEncoding = 4; lastKnownFileType = sourcecode.c.h; path = CashFlowRecord.h; sourceTree = "<group>"; };
		5BC52991158D9A0F00FDFAF0 /* CashFlowRecord.m */ = {isa = PBXFileReference; fileEncoding = 4; lastKnownFileType = sourcecode.c.objc; path = CashFlowRecord.m; sourceTree = "<group>"; };
		5BC52993158D9B0700FDFAF0 /* TransactionRecord.h */ = {isa = PBXFileReference; fileEncoding = 4; lastKnownFileType = sourcecode.c.h; path = TransactionRecord.h; sourceTree = "<group>"; };
		5BC52994158D9B0700FDFAF0 /* TransactionRecord.m */ = {isa = PBXFileReference; fileEncoding = 4; lastKnownFileType = sourcecode.c.objc; path = TransactionRecord.m; sourceTree = "<group>"; };
		5BC52996158D9ECB00FDFAF0 /* PositionRecord.h */ = {isa = PBXFileReference; fileEncoding = 4; lastKnownFileType = sourcecode.c.h; path = PositionRecord.h; sourceTree = "<group>"; };
		5BC52997158D9ECB00FDFAF0 /* PositionRecord.m */ = {isa = PBXFileReference; fileEncoding = 4; lastKnownFileType = sourcecode.c.objc; path = PositionRecord.m; sourceTree = "<group>"; };
		5BCA3B6B14F4949A000141A4 /* SimulationOutput.h */ = {isa = PBXFileReference; fileEncoding = 4; lastKnownFileType = sourcecode.c.h; path = SimulationOutput.h; sourceTree = "<group>"; };
		5BDA503A14D225E9009842D5 /* DataView.h */ = {isa = PBXFileReference; fileEncoding = 4; lastKnownFileType = sourcecode.c.h; path = DataView.h; sourceTree = "<group>"; };
		5BDA503B14D225E9009842D5 /* DataView.m */ = {isa = PBXFileReference; fileEncoding = 4; lastKnownFileType = sourcecode.c.objc; path = DataView.m; sourceTree = "<group>"; };
		5BE265BC1519EE6D003CAA60 /* TitlePaneViewController.h */ = {isa = PBXFileReference; fileEncoding = 4; lastKnownFileType = sourcecode.c.h; path = TitlePaneViewController.h; sourceTree = "<group>"; };
		5BE265BD1519EE6D003CAA60 /* TitlePaneViewController.m */ = {isa = PBXFileReference; fileEncoding = 4; lastKnownFileType = sourcecode.c.objc; path = TitlePaneViewController.m; sourceTree = "<group>"; };
		5BE265BE1519EE6D003CAA60 /* TitlePane.xib */ = {isa = PBXFileReference; fileEncoding = 4; lastKnownFileType = file.xib; path = TitlePane.xib; sourceTree = "<group>"; };
		5BE5093B158EB5BA00AB4026 /* SignalRecord.h */ = {isa = PBXFileReference; fileEncoding = 4; lastKnownFileType = sourcecode.c.h; path = SignalRecord.h; sourceTree = "<group>"; };
		5BE5093C158EB5BA00AB4026 /* SignalRecord.m */ = {isa = PBXFileReference; fileEncoding = 4; lastKnownFileType = sourcecode.c.objc; path = SignalRecord.m; sourceTree = "<group>"; };
		5BEC77EE1517694B0084D778 /* SimulationViewController.h */ = {isa = PBXFileReference; fileEncoding = 4; lastKnownFileType = sourcecode.c.h; path = SimulationViewController.h; sourceTree = "<group>"; };
		5BEC77EF1517694B0084D778 /* SimulationViewController.m */ = {isa = PBXFileReference; fileEncoding = 4; lastKnownFileType = sourcecode.c.objc; path = SimulationViewController.m; sourceTree = "<group>"; };
		5BEC77F01517694B0084D778 /* SimulationView.xib */ = {isa = PBXFileReference; fileEncoding = 4; lastKnownFileType = file.xib; path = SimulationView.xib; sourceTree = "<group>"; };
		5BECD1F51548F21800819CBE /* DataProcessor.h */ = {isa = PBXFileReference; fileEncoding = 4; lastKnownFileType = sourcecode.c.h; path = DataProcessor.h; sourceTree = "<group>"; };
		5BECD1F61548F21800819CBE /* DataProcessor.m */ = {isa = PBXFileReference; fileEncoding = 4; lastKnownFileType = sourcecode.c.objc; path = DataProcessor.m; sourceTree = "<group>"; };
		5BFF895F14D81F7B00F68453 /* TimeSeriesLine.h */ = {isa = PBXFileReference; fileEncoding = 4; lastKnownFileType = sourcecode.c.h; path = TimeSeriesLine.h; sourceTree = "<group>"; };
		5BFF896014D81F7B00F68453 /* TimeSeriesLine.m */ = {isa = PBXFileReference; fileEncoding = 4; lastKnownFileType = sourcecode.c.objc; path = TimeSeriesLine.m; sourceTree = "<group>"; };
/* End PBXFileReference section */

/* Begin PBXFrameworksBuildPhase section */
		5B8C03D5149ECEC60071189F /* Frameworks */ = {
			isa = PBXFrameworksBuildPhase;
			buildActionMask = 2147483647;
			files = (
				5B20C1481843E3C4005B120C /* CorePlot.framework in Frameworks */,
				5B88332314BAC44000352C83 /* QuartzCore.framework in Frameworks */,
				5B9049F314B2DA3D008A20AA /* libsqlite3.dylib in Frameworks */,
				5B8C03DD149ECEC60071189F /* Cocoa.framework in Frameworks */,
			);
			runOnlyForDeploymentPostprocessing = 0;
		};
/* End PBXFrameworksBuildPhase section */

/* Begin PBXGroup section */
		5B01B0CE14C11A5D0032A301 /* Data */ = {
			isa = PBXGroup;
			children = (
				5B01B0D314C130150032A301 /* DataController.h */,
				5B01B0D414C130150032A301 /* DataController.m */,
				5BECD1F51548F21800819CBE /* DataProcessor.h */,
				5BECD1F61548F21800819CBE /* DataProcessor.m */,
				5B904A0214B7368D008A20AA /* DataSeries.h */,
				5B904A0314B7368E008A20AA /* DataSeries.m */,
				5BDA503A14D225E9009842D5 /* DataView.h */,
				5BDA503B14D225E9009842D5 /* DataView.m */,
				5BB9A35814EF5B71001372D1 /* DataSeriesValue.h */,
				5BB9A35914EF5B71001372D1 /* DataSeriesValue.m */,
			);
			name = Data;
			sourceTree = "<group>";
		};
		5B01B0CF14C11A930032A301 /* Plots */ = {
			isa = PBXGroup;
			children = (
				5B01B0C714C026C00032A301 /* SeriesPlot.h */,
				5B01B0C814C026C00032A301 /* SeriesPlot.m */,
				5BFF895F14D81F7B00F68453 /* TimeSeriesLine.h */,
				5BFF896014D81F7B00F68453 /* TimeSeriesLine.m */,
				5B22D0BE1729C7AE00A55E32 /* SeriesPlotDataWrapper.h */,
				5B22D0BF1729C7AE00A55E32 /* SeriesPlotDataWrapper.m */,
				5B1F09C8178F0D3D00BC4C7F /* HistogramPlot.h */,
				5B1F09C9178F0D3D00BC4C7F /* HistogramPlot.m */,
			);
			name = Plots;
			sourceTree = "<group>";
		};
		5B1ECBFE1519D23300476DB8 /* General UI */ = {
			isa = PBXGroup;
			children = (
				5BE265BC1519EE6D003CAA60 /* TitlePaneViewController.h */,
				5BE265BD1519EE6D003CAA60 /* TitlePaneViewController.m */,
				5BEC77EE1517694B0084D778 /* SimulationViewController.h */,
				5BEC77EF1517694B0084D778 /* SimulationViewController.m */,
				5B8C03EE149ECEC70071189F /* AppDelegate.h */,
				5B8C03EF149ECEC70071189F /* AppDelegate.m */,
				5B8C03FC149ED0870071189F /* AppController.h */,
				5B8C03FD149ED0870071189F /* AppController.m */,
				5BCA3B6B14F4949A000141A4 /* SimulationOutput.h */,
				5BE265BE1519EE6D003CAA60 /* TitlePane.xib */,
				5BEC77F01517694B0084D778 /* SimulationView.xib */,
				5B8C03F1149ECEC70071189F /* MainMenu.xib */,
			);
			name = "General UI";
			sourceTree = "<group>";
		};
		5B20C13B1843E2A9005B120C /* Products */ = {
			isa = PBXGroup;
			children = (
				5B20C1411843E2AC005B120C /* CorePlot.framework */,
				5B20C1431843E2AC005B120C /* UnitTests.octest */,
			);
			name = Products;
			sourceTree = "<group>";
		};
		5B8C03CD149ECEC60071189F = {
			isa = PBXGroup;
			children = (
				5B20C1461843E376005B120C /* CorePlot.framework */,
				5B20C13A1843E2A9005B120C /* CorePlot.xcodeproj */,
				5B8C03E2149ECEC70071189F /* Simple Sim */,
				5B8C03DB149ECEC60071189F /* Frameworks */,
				5B8C03D9149ECEC60071189F /* Products */,
			);
			sourceTree = "<group>";
		};
		5B8C03D9149ECEC60071189F /* Products */ = {
			isa = PBXGroup;
			children = (
				5B8C03D8149ECEC60071189F /* Simple Sim.app */,
			);
			name = Products;
			sourceTree = "<group>";
		};
		5B8C03DB149ECEC60071189F /* Frameworks */ = {
			isa = PBXGroup;
			children = (
				5B9049F214B2DA3D008A20AA /* libsqlite3.dylib */,
				5B88332214BAC44000352C83 /* QuartzCore.framework */,
				5B8C03DC149ECEC60071189F /* Cocoa.framework */,
				5B8C03DE149ECEC70071189F /* Other Frameworks */,
			);
			name = Frameworks;
			sourceTree = "<group>";
		};
		5B8C03DE149ECEC70071189F /* Other Frameworks */ = {
			isa = PBXGroup;
			children = (
				5B8C03DF149ECEC70071189F /* AppKit.framework */,
				5B8C03E1149ECEC70071189F /* Foundation.framework */,
			);
			name = "Other Frameworks";
			sourceTree = "<group>";
		};
		5B8C03E2149ECEC70071189F /* Simple Sim */ = {
			isa = PBXGroup;
			children = (
				5B1ECBFE1519D23300476DB8 /* General UI */,
				5B01B0CF14C11A930032A301 /* Plots */,
				5BC4C15C14E3814E0024F1BD /* Simulation */,
				5B01B0CE14C11A5D0032A301 /* Data */,
				5BDA503914D22446009842D5 /* Utilities */,
				5B9049F114B2D909008A20AA /* FMDB */,
				5B8C03E3149ECEC70071189F /* Supporting Files */,
			);
			path = "Simple Sim";
			sourceTree = "<group>";
		};
		5B8C03E3149ECEC70071189F /* Supporting Files */ = {
			isa = PBXGroup;
			children = (
				5B2EDCBF14CD979600EC26B8 /* OCR2.icns */,
				5B9382D41521C092003F8FE5 /* redgreen14b.jpg */,
				5B8C03E4149ECEC70071189F /* Simple Sim-Info.plist */,
				5B8C03E5149ECEC70071189F /* InfoPlist.strings */,
				5B8C03E8149ECEC70071189F /* main.m */,
				5B8C03EA149ECEC70071189F /* Simple Sim-Prefix.pch */,
				5B8C03EB149ECEC70071189F /* Credits.rtf */,
			);
			name = "Supporting Files";
			sourceTree = "<group>";
		};
		5B9049F114B2D909008A20AA /* FMDB */ = {
			isa = PBXGroup;
			children = (
				5BB70FF01843EFDF00B6B729 /* FMDatabase.h */,
				5BB70FF11843EFDF00B6B729 /* FMDatabase.m */,
				5BB70FF31843EFEC00B6B729 /* FMDatabaseAdditions.h */,
				5BB70FF41843EFEC00B6B729 /* FMDatabaseAdditions.m */,
				5BB70FF61843EFF900B6B729 /* FMResultSet.h */,
				5BB70FF71843EFF900B6B729 /* FMResultSet.m */,
				5BB70FF91843F02200B6B729 /* FMDatabasePool.h */,
				5BB70FFA1843F02200B6B729 /* FMDatabasePool.m */,
			);
			name = FMDB;
			sourceTree = "<group>";
		};
		5BC4C15C14E3814E0024F1BD /* Simulation */ = {
			isa = PBXGroup;
			children = (
				5BC4C15814E3811E0024F1BD /* SimulationController.h */,
				5BC4C15914E3811E0024F1BD /* SimulationController.m */,
				5BC4C15D14E3826B0024F1BD /* Simulation.h */,
				5BC4C15E14E3826B0024F1BD /* Simulation.m */,
				5BC52996158D9ECB00FDFAF0 /* PositionRecord.h */,
				5BC52997158D9ECB00FDFAF0 /* PositionRecord.m */,
				5BC52993158D9B0700FDFAF0 /* TransactionRecord.h */,
				5BC52994158D9B0700FDFAF0 /* TransactionRecord.m */,
				5BC52990158D9A0F00FDFAF0 /* CashFlowRecord.h */,
				5BC52991158D9A0F00FDFAF0 /* CashFlowRecord.m */,
				5BE5093B158EB5BA00AB4026 /* SignalRecord.h */,
				5BE5093C158EB5BA00AB4026 /* SignalRecord.m */,
				5BA3C23316193C7C00FCCC24 /* BasicParameters.h */,
				5BA3C23416193C7C00FCCC24 /* BasicParameters.m */,
				5B7B774815DDFC9C003911FB /* PositioningSystem.h */,
				5B7B774915DDFC9C003911FB /* PositioningSystem.m */,
				5B85EFD415EC557C004B5381 /* SignalSystem.h */,
				5B85EFD515EC557C004B5381 /* SignalSystem.m */,
				5B147E72160AB59B0016C04A /* RulesSystem.h */,
				5B147E73160AB59B0016C04A /* RulesSystem.m */,
			);
			name = Simulation;
			sourceTree = "<group>";
		};
		5BDA503914D22446009842D5 /* Utilities */ = {
			isa = PBXGroup;
			children = (
				5BC43F5A151463C20020300A /* UtilityFunctions.h */,
				5BC43F5B151463C20020300A /* UtilityFunctions.m */,
				5B9049FB14B6CD99008A20AA /* EpochTime.h */,
				5B9049FC14B6CD9A008A20AA /* EpochTime.m */,
			);
			name = Utilities;
			sourceTree = "<group>";
		};
/* End PBXGroup section */

/* Begin PBXNativeTarget section */
		5B8C03D7149ECEC60071189F /* Simple Sim */ = {
			isa = PBXNativeTarget;
			buildConfigurationList = 5B8C03F6149ECEC70071189F /* Build configuration list for PBXNativeTarget "Simple Sim" */;
			buildPhases = (
				5B8C03D4149ECEC60071189F /* Sources */,
				5B8C03D5149ECEC60071189F /* Frameworks */,
				5B8C03D6149ECEC60071189F /* Resources */,
				5B88333314BAD6C700352C83 /* CopyFiles */,
			);
			buildRules = (
			);
			dependencies = (
			);
			name = "Simple Sim";
			productName = "Simple Sim";
			productReference = 5B8C03D8149ECEC60071189F /* Simple Sim.app */;
			productType = "com.apple.product-type.application";
		};
/* End PBXNativeTarget section */

/* Begin PBXProject section */
		5B8C03CF149ECEC60071189F /* Project object */ = {
			isa = PBXProject;
			attributes = {
				LastUpgradeCheck = 0500;
				ORGANIZATIONNAME = "OCONNOR RESEARCH";
			};
			buildConfigurationList = 5B8C03D2149ECEC60071189F /* Build configuration list for PBXProject "Simple Sim" */;
			compatibilityVersion = "Xcode 3.2";
			developmentRegion = English;
			hasScannedForEncodings = 0;
			knownRegions = (
				en,
				English,
			);
			mainGroup = 5B8C03CD149ECEC60071189F;
			productRefGroup = 5B8C03D9149ECEC60071189F /* Products */;
			projectDirPath = "";
			projectReferences = (
				{
					ProductGroup = 5B20C13B1843E2A9005B120C /* Products */;
					ProjectRef = 5B20C13A1843E2A9005B120C /* CorePlot.xcodeproj */;
				},
			);
			projectRoot = "";
			targets = (
				5B8C03D7149ECEC60071189F /* Simple Sim */,
			);
		};
/* End PBXProject section */

/* Begin PBXReferenceProxy section */
		5B20C1411843E2AC005B120C /* CorePlot.framework */ = {
			isa = PBXReferenceProxy;
			fileType = wrapper.framework;
			path = CorePlot.framework;
			remoteRef = 5B20C1401843E2AC005B120C /* PBXContainerItemProxy */;
			sourceTree = BUILT_PRODUCTS_DIR;
		};
		5B20C1431843E2AC005B120C /* UnitTests.octest */ = {
			isa = PBXReferenceProxy;
			fileType = wrapper.cfbundle;
			path = UnitTests.octest;
			remoteRef = 5B20C1421843E2AC005B120C /* PBXContainerItemProxy */;
			sourceTree = BUILT_PRODUCTS_DIR;
		};
/* End PBXReferenceProxy section */

/* Begin PBXResourcesBuildPhase section */
		5B8C03D6149ECEC60071189F /* Resources */ = {
			isa = PBXResourcesBuildPhase;
			buildActionMask = 2147483647;
			files = (
				5B8C03E7149ECEC70071189F /* InfoPlist.strings in Resources */,
				5B8C03ED149ECEC70071189F /* Credits.rtf in Resources */,
				5B8C03F3149ECEC70071189F /* MainMenu.xib in Resources */,
				5B2EDCC014CD979600EC26B8 /* OCR2.icns in Resources */,
				5BEC77F21517694B0084D778 /* SimulationView.xib in Resources */,
				5BE265C01519EE6D003CAA60 /* TitlePane.xib in Resources */,
				5B9382D51521C092003F8FE5 /* redgreen14b.jpg in Resources */,
			);
			runOnlyForDeploymentPostprocessing = 0;
		};
/* End PBXResourcesBuildPhase section */

/* Begin PBXSourcesBuildPhase section */
		5B8C03D4149ECEC60071189F /* Sources */ = {
			isa = PBXSourcesBuildPhase;
			buildActionMask = 2147483647;
			files = (
				5B8C03E9149ECEC70071189F /* main.m in Sources */,
				5B8C03F0149ECEC70071189F /* AppDelegate.m in Sources */,
				5B8C03FE149ED0870071189F /* AppController.m in Sources */,
				5B9049FD14B6CD9A008A20AA /* EpochTime.m in Sources */,
				5B904A0414B7368E008A20AA /* DataSeries.m in Sources */,
				5B01B0C914C026C10032A301 /* SeriesPlot.m in Sources */,
				5B01B0D514C130150032A301 /* DataController.m in Sources */,
				5BB70FFB1843F02200B6B729 /* FMDatabasePool.m in Sources */,
				5BDA503C14D225EA009842D5 /* DataView.m in Sources */,
				5BFF896114D81F7B00F68453 /* TimeSeriesLine.m in Sources */,
				5BC4C15A14E3811E0024F1BD /* SimulationController.m in Sources */,
				5BC4C15F14E3826B0024F1BD /* Simulation.m in Sources */,
				5BB9A35A14EF5B71001372D1 /* DataSeriesValue.m in Sources */,
				5BB70FF21843EFDF00B6B729 /* FMDatabase.m in Sources */,
				5BC43F5C151463C20020300A /* UtilityFunctions.m in Sources */,
				5BEC77F11517694B0084D778 /* SimulationViewController.m in Sources */,
				5BE265BF1519EE6D003CAA60 /* TitlePaneViewController.m in Sources */,
				5BECD1F71548F21800819CBE /* DataProcessor.m in Sources */,
				5BC52992158D9A0F00FDFAF0 /* CashFlowRecord.m in Sources */,
				5BB70FF81843EFF900B6B729 /* FMResultSet.m in Sources */,
				5BC52995158D9B0700FDFAF0 /* TransactionRecord.m in Sources */,
				5BB70FF51843EFED00B6B729 /* FMDatabaseAdditions.m in Sources */,
				5BC52998158D9ECB00FDFAF0 /* PositionRecord.m in Sources */,
				5BE5093D158EB5BA00AB4026 /* SignalRecord.m in Sources */,
				5B7B774A15DDFC9C003911FB /* PositioningSystem.m in Sources */,
				5B85EFD615EC557C004B5381 /* SignalSystem.m in Sources */,
				5B147E74160AB59B0016C04A /* RulesSystem.m in Sources */,
				5BA3C23516193C7C00FCCC24 /* BasicParameters.m in Sources */,
				5B22D0C01729C7AF00A55E32 /* SeriesPlotDataWrapper.m in Sources */,
				5B1F09CA178F0D3D00BC4C7F /* HistogramPlot.m in Sources */,
			);
			runOnlyForDeploymentPostprocessing = 0;
		};
/* End PBXSourcesBuildPhase section */

/* Begin PBXVariantGroup section */
		5B8C03E5149ECEC70071189F /* InfoPlist.strings */ = {
			isa = PBXVariantGroup;
			children = (
				5B8C03E6149ECEC70071189F /* en */,
			);
			name = InfoPlist.strings;
			sourceTree = "<group>";
		};
		5B8C03EB149ECEC70071189F /* Credits.rtf */ = {
			isa = PBXVariantGroup;
			children = (
				5B8C03EC149ECEC70071189F /* en */,
			);
			name = Credits.rtf;
			sourceTree = "<group>";
		};
		5B8C03F1149ECEC70071189F /* MainMenu.xib */ = {
			isa = PBXVariantGroup;
			children = (
				5B8C03F2149ECEC70071189F /* en */,
			);
			name = MainMenu.xib;
			sourceTree = "<group>";
		};
/* End PBXVariantGroup section */

/* Begin XCBuildConfiguration section */
		5B8C03F4149ECEC70071189F /* Debug */ = {
			isa = XCBuildConfiguration;
			buildSettings = {
				ALWAYS_SEARCH_USER_PATHS = NO;
				CLANG_ENABLE_OBJC_ARC = YES;
				CLANG_WARN_BOOL_CONVERSION = YES;
				CLANG_WARN_CONSTANT_CONVERSION = YES;
				CLANG_WARN_EMPTY_BODY = YES;
				CLANG_WARN_ENUM_CONVERSION = YES;
				CLANG_WARN_INT_CONVERSION = YES;
				CLANG_WARN__DUPLICATE_METHOD_MATCH = YES;
				COPY_PHASE_STRIP = NO;
				GCC_C_LANGUAGE_STANDARD = gnu99;
				GCC_DYNAMIC_NO_PIC = NO;
				GCC_ENABLE_OBJC_EXCEPTIONS = YES;
				GCC_OPTIMIZATION_LEVEL = 0;
				GCC_PREPROCESSOR_DEFINITIONS = (
					"DEBUG=1",
					"$(inherited)",
				);
				GCC_SYMBOLS_PRIVATE_EXTERN = NO;
				GCC_VERSION = com.apple.compilers.llvm.clang.1_0;
				GCC_WARN_64_TO_32_BIT_CONVERSION = YES;
				GCC_WARN_ABOUT_MISSING_PROTOTYPES = YES;
				GCC_WARN_ABOUT_RETURN_TYPE = YES;
				GCC_WARN_UNDECLARED_SELECTOR = YES;
				GCC_WARN_UNINITIALIZED_AUTOS = YES;
				GCC_WARN_UNUSED_FUNCTION = YES;
				GCC_WARN_UNUSED_VARIABLE = YES;
				MACOSX_DEPLOYMENT_TARGET = 10.7;
				ONLY_ACTIVE_ARCH = YES;
				SDKROOT = macosx;
			};
			name = Debug;
		};
		5B8C03F5149ECEC70071189F /* Release */ = {
			isa = XCBuildConfiguration;
			buildSettings = {
				ALWAYS_SEARCH_USER_PATHS = NO;
				CLANG_ENABLE_OBJC_ARC = YES;
				CLANG_WARN_BOOL_CONVERSION = YES;
				CLANG_WARN_CONSTANT_CONVERSION = YES;
				CLANG_WARN_EMPTY_BODY = YES;
				CLANG_WARN_ENUM_CONVERSION = YES;
				CLANG_WARN_INT_CONVERSION = YES;
				CLANG_WARN__DUPLICATE_METHOD_MATCH = YES;
				COPY_PHASE_STRIP = YES;
				DEBUG_INFORMATION_FORMAT = "dwarf-with-dsym";
				GCC_C_LANGUAGE_STANDARD = gnu99;
				GCC_ENABLE_OBJC_EXCEPTIONS = YES;
				GCC_VERSION = com.apple.compilers.llvm.clang.1_0;
				GCC_WARN_64_TO_32_BIT_CONVERSION = YES;
				GCC_WARN_ABOUT_MISSING_PROTOTYPES = YES;
				GCC_WARN_ABOUT_RETURN_TYPE = YES;
				GCC_WARN_UNDECLARED_SELECTOR = YES;
				GCC_WARN_UNINITIALIZED_AUTOS = YES;
				GCC_WARN_UNUSED_FUNCTION = YES;
				GCC_WARN_UNUSED_VARIABLE = YES;
				MACOSX_DEPLOYMENT_TARGET = 10.7;
				ONLY_ACTIVE_ARCH = YES;
				SDKROOT = macosx;
			};
			name = Release;
		};
		5B8C03F7149ECEC70071189F /* Debug */ = {
			isa = XCBuildConfiguration;
			buildSettings = {
				CLANG_ENABLE_OBJC_ARC = YES;
				COMBINE_HIDPI_IMAGES = YES;
				FRAMEWORK_SEARCH_PATHS = (
					"$(inherited)",
					"$(SRCROOT)",
					/Users/Martin/Dropbox/Library/projects/objC/CorePlot_1.4/Binaries/MacOS,
				);
				GCC_PRECOMPILE_PREFIX_HEADER = YES;
				GCC_PREFIX_HEADER = "Simple Sim/Simple Sim-Prefix.pch";
				INFOPLIST_FILE = "Simple Sim/Simple Sim-Info.plist";
				LIBRARY_SEARCH_PATHS = "$(inherited)";
				PRODUCT_NAME = "$(TARGET_NAME)";
				WRAPPER_EXTENSION = app;
			};
			name = Debug;
		};
		5B8C03F8149ECEC70071189F /* Release */ = {
			isa = XCBuildConfiguration;
			buildSettings = {
				CLANG_ENABLE_OBJC_ARC = YES;
				COMBINE_HIDPI_IMAGES = YES;
				FRAMEWORK_SEARCH_PATHS = (
					"$(inherited)",
					"$(SRCROOT)",
					/Users/Martin/Dropbox/Library/projects/objC/CorePlot_1.4/Binaries/MacOS,
				);
				GCC_PRECOMPILE_PREFIX_HEADER = YES;
				GCC_PREFIX_HEADER = "Simple Sim/Simple Sim-Prefix.pch";
				INFOPLIST_FILE = "Simple Sim/Simple Sim-Info.plist";
				LIBRARY_SEARCH_PATHS = "$(inherited)";
				PRODUCT_NAME = "$(TARGET_NAME)";
				WRAPPER_EXTENSION = app;
			};
			name = Release;
		};
/* End XCBuildConfiguration section */

/* Begin XCConfigurationList section */
		5B8C03D2149ECEC60071189F /* Build configuration list for PBXProject "Simple Sim" */ = {
			isa = XCConfigurationList;
			buildConfigurations = (
				5B8C03F4149ECEC70071189F /* Debug */,
				5B8C03F5149ECEC70071189F /* Release */,
			);
			defaultConfigurationIsVisible = 0;
			defaultConfigurationName = Release;
		};
		5B8C03F6149ECEC70071189F /* Build configuration list for PBXNativeTarget "Simple Sim" */ = {
			isa = XCConfigurationList;
			buildConfigurations = (
				5B8C03F7149ECEC70071189F /* Debug */,
				5B8C03F8149ECEC70071189F /* Release */,
			);
			defaultConfigurationIsVisible = 0;
			defaultConfigurationName = Release;
		};
/* End XCConfigurationList section */
	};
	rootObject = 5B8C03CF149ECEC60071189F /* Project object */;
}
